
Microsoft Visual Studio Solution File, Format Version 12.00
# Visual Studio 15
VisualStudioVersion = 15.0.27130.2026
MinimumVisualStudioVersion = 10.0.40219.1
Project("{FAE04EC0-301F-11D3-BF4B-00C04F79EFBC}") = "authFlow", "authFlow\authFlow.csproj", "{E244C576-CCD3-4160-8696-9D3EE32BDD94}"
EndProject
Project("{E53339B2-1760-4266-BCC7-CA923CBCF16C}") = "docker-compose", "docker-compose.dcproj", "{CA259B07-C5A5-4198-9578-DC38FE4FD89C}"
EndProject
Global
	GlobalSection(SolutionConfigurationPlatforms) = preSolution
		Debug|Any CPU = Debug|Any CPU
		Release|Any CPU = Release|Any CPU
	EndGlobalSection
	GlobalSection(ProjectConfigurationPlatforms) = postSolution
		{E244C576-CCD3-4160-8696-9D3EE32BDD94}.Debug|Any CPU.ActiveCfg = Debug|Any CPU
		{E244C576-CCD3-4160-8696-9D3EE32BDD94}.Debug|Any CPU.Build.0 = Debug|Any CPU
		{E244C576-CCD3-4160-8696-9D3EE32BDD94}.Release|Any CPU.ActiveCfg = Release|Any CPU
		{E244C576-CCD3-4160-8696-9D3EE32BDD94}.Release|Any CPU.Build.0 = Release|Any CPU
		{CA259B07-C5A5-4198-9578-DC38FE4FD89C}.Debug|Any CPU.ActiveCfg = Debug|Any CPU
		{CA259B07-C5A5-4198-9578-DC38FE4FD89C}.Debug|Any CPU.Build.0 = Debug|Any CPU
		{CA259B07-C5A5-4198-9578-DC38FE4FD89C}.Release|Any CPU.ActiveCfg = Release|Any CPU
		{CA259B07-C5A5-4198-9578-DC38FE4FD89C}.Release|Any CPU.Build.0 = Release|Any CPU
	EndGlobalSection
	GlobalSection(SolutionProperties) = preSolution
		HideSolutionNode = FALSE
	EndGlobalSection
	GlobalSection(ExtensibilityGlobals) = postSolution
		SolutionGuid = {8E039E82-979D-47A6-9008-8C4B2E401207}
	EndGlobalSection
EndGlobal
